
Microsoft Visual Studio Solution File, Format Version 12.00
# Visual Studio Version 17
VisualStudioVersion = 17.1.32328.378
MinimumVisualStudioVersion = 10.0.40219.1
Project("{9A19103F-16F7-4668-BE54-9A1E7A4F7556}") = "SignalRAspNet", "SignalRAspNet\SignalRAspNet.csproj", "{67B89479-CFB2-4F16-ACAB-42D13C1659A0}"
EndProject
Project("{9A19103F-16F7-4668-BE54-9A1E7A4F7556}") = "Models", "Models\Models.csproj", "{D49DBF45-8AFF-4AB8-8891-BBC687BFFDD1}"
EndProject
Project("{9A19103F-16F7-4668-BE54-9A1E7A4F7556}") = "SignalR", "SignalR\SignalR\SignalR.csproj", "{73381E77-C8ED-446F-A7E4-1E3BFC5BD031}"
EndProject
Global
	GlobalSection(SolutionConfigurationPlatforms) = preSolution
		Debug|Any CPU = Debug|Any CPU
		Release|Any CPU = Release|Any CPU
	EndGlobalSection
	GlobalSection(ProjectConfigurationPlatforms) = postSolution
		{67B89479-CFB2-4F16-ACAB-42D13C1659A0}.Debug|Any CPU.ActiveCfg = Debug|Any CPU
		{67B89479-CFB2-4F16-ACAB-42D13C1659A0}.Debug|Any CPU.Build.0 = Debug|Any CPU
		{67B89479-CFB2-4F16-ACAB-42D13C1659A0}.Release|Any CPU.ActiveCfg = Release|Any CPU
		{67B89479-CFB2-4F16-ACAB-42D13C1659A0}.Release|Any CPU.Build.0 = Release|Any CPU
		{D49DBF45-8AFF-4AB8-8891-BBC687BFFDD1}.Debug|Any CPU.ActiveCfg = Debug|Any CPU
		{D49DBF45-8AFF-4AB8-8891-BBC687BFFDD1}.Debug|Any CPU.Build.0 = Debug|Any CPU
		{D49DBF45-8AFF-4AB8-8891-BBC687BFFDD1}.Release|Any CPU.ActiveCfg = Release|Any CPU
		{D49DBF45-8AFF-4AB8-8891-BBC687BFFDD1}.Release|Any CPU.Build.0 = Release|Any CPU
		{73381E77-C8ED-446F-A7E4-1E3BFC5BD031}.Debug|Any CPU.ActiveCfg = Debug|Any CPU
		{73381E77-C8ED-446F-A7E4-1E3BFC5BD031}.Debug|Any CPU.Build.0 = Debug|Any CPU
		{73381E77-C8ED-446F-A7E4-1E3BFC5BD031}.Release|Any CPU.ActiveCfg = Release|Any CPU
		{73381E77-C8ED-446F-A7E4-1E3BFC5BD031}.Release|Any CPU.Build.0 = Release|Any CPU
	EndGlobalSection
	GlobalSection(SolutionProperties) = preSolution
		HideSolutionNode = FALSE
	EndGlobalSection
	GlobalSection(ExtensibilityGlobals) = postSolution
		SolutionGuid = {B2CD6B95-E248-4575-8E80-C5F7660835BF}
	EndGlobalSection
EndGlobal
